
Microsoft Visual Studio Solution File, Format Version 12.00
# Visual Studio Version 17
VisualStudioVersion = 17.13.35931.197 d17.13
MinimumVisualStudioVersion = 10.0.40219.1
Project("{FAE04EC0-301F-11D3-BF4B-00C04F79EFBC}") = "doctor_appointment", "doctor_appointment.csproj", "{4F58AFE3-D835-4392-9A35-3132CF303CCC}"
EndProject
Global
	GlobalSection(SolutionConfigurationPlatforms) = preSolution
		Debug|Any CPU = Debug|Any CPU
		Release|Any CPU = Release|Any CPU
	EndGlobalSection
	GlobalSection(ProjectConfigurationPlatforms) = postSolution
		{4F58AFE3-D835-4392-9A35-3132CF303CCC}.Debug|Any CPU.ActiveCfg = Debug|Any CPU
		{4F58AFE3-D835-4392-9A35-3132CF303CCC}.Debug|Any CPU.Build.0 = Debug|Any CPU
		{4F58AFE3-D835-4392-9A35-3132CF303CCC}.Release|Any CPU.ActiveCfg = Release|Any CPU
		{4F58AFE3-D835-4392-9A35-3132CF303CCC}.Release|Any CPU.Build.0 = Release|Any CPU
	EndGlobalSection
	GlobalSection(SolutionProperties) = preSolution
		HideSolutionNode = FALSE
	EndGlobalSection
	GlobalSection(ExtensibilityGlobals) = postSolution
		SolutionGuid = {C0668610-08EC-4423-BDC5-7B10174510DE}
	EndGlobalSection
EndGlobal
